
Microsoft Visual Studio Solution File, Format Version 12.00
# Visual Studio 2012
Project("{D954291E-2A0B-460D-934E-DC6B0785DB48}") = "PersonalApp5910", "PersonalApp5910\PersonalApp5910.shproj", "{1D95F87C-89FF-4ABB-BA5D-A71837A58C43}"
EndProject
Project("{FAE04EC0-301F-11D3-BF4B-00C04F79EFBC}") = "PersonalApp5910.iOS", "iOS\PersonalApp5910.iOS.csproj", "{4197506B-3622-4872-A9E6-A677E5A7AFD7}"
EndProject
Project("{FAE04EC0-301F-11D3-BF4B-00C04F79EFBC}") = "PersonalApp5910.Droid", "Droid\PersonalApp5910.Droid.csproj", "{5872C83A-D2A3-4B25-8986-AD83799A9F9A}"
EndProject
Global
	GlobalSection(SolutionConfigurationPlatforms) = preSolution
		Debug|iPhoneSimulator = Debug|iPhoneSimulator
		Release|iPhone = Release|iPhone
		Release|iPhoneSimulator = Release|iPhoneSimulator
		Debug|iPhone = Debug|iPhone
		Debug|Any CPU = Debug|Any CPU
		Release|Any CPU = Release|Any CPU
	EndGlobalSection
	GlobalSection(ProjectConfigurationPlatforms) = postSolution
		{4197506B-3622-4872-A9E6-A677E5A7AFD7}.Debug|iPhoneSimulator.ActiveCfg = Debug|iPhoneSimulator
		{4197506B-3622-4872-A9E6-A677E5A7AFD7}.Debug|iPhoneSimulator.Build.0 = Debug|iPhoneSimulator
		{4197506B-3622-4872-A9E6-A677E5A7AFD7}.Release|iPhone.ActiveCfg = Release|iPhone
		{4197506B-3622-4872-A9E6-A677E5A7AFD7}.Release|iPhone.Build.0 = Release|iPhone
		{4197506B-3622-4872-A9E6-A677E5A7AFD7}.Release|iPhoneSimulator.ActiveCfg = Release|iPhoneSimulator
		{4197506B-3622-4872-A9E6-A677E5A7AFD7}.Release|iPhoneSimulator.Build.0 = Release|iPhoneSimulator
		{4197506B-3622-4872-A9E6-A677E5A7AFD7}.Debug|iPhone.ActiveCfg = Debug|iPhone
		{4197506B-3622-4872-A9E6-A677E5A7AFD7}.Debug|iPhone.Build.0 = Debug|iPhone
		{4197506B-3622-4872-A9E6-A677E5A7AFD7}.Debug|Any CPU.ActiveCfg = Debug|iPhoneSimulator
		{4197506B-3622-4872-A9E6-A677E5A7AFD7}.Debug|Any CPU.Build.0 = Debug|iPhoneSimulator
		{4197506B-3622-4872-A9E6-A677E5A7AFD7}.Release|Any CPU.ActiveCfg = Release|iPhone
		{4197506B-3622-4872-A9E6-A677E5A7AFD7}.Release|Any CPU.Build.0 = Release|iPhone
		{5872C83A-D2A3-4B25-8986-AD83799A9F9A}.Debug|iPhoneSimulator.ActiveCfg = Debug|Any CPU
		{5872C83A-D2A3-4B25-8986-AD83799A9F9A}.Debug|iPhoneSimulator.Build.0 = Debug|Any CPU
		{5872C83A-D2A3-4B25-8986-AD83799A9F9A}.Release|iPhone.ActiveCfg = Release|Any CPU
		{5872C83A-D2A3-4B25-8986-AD83799A9F9A}.Release|iPhone.Build.0 = Release|Any CPU
		{5872C83A-D2A3-4B25-8986-AD83799A9F9A}.Release|iPhoneSimulator.ActiveCfg = Release|Any CPU
		{5872C83A-D2A3-4B25-8986-AD83799A9F9A}.Release|iPhoneSimulator.Build.0 = Release|Any CPU
		{5872C83A-D2A3-4B25-8986-AD83799A9F9A}.Debug|iPhone.ActiveCfg = Debug|Any CPU
		{5872C83A-D2A3-4B25-8986-AD83799A9F9A}.Debug|iPhone.Build.0 = Debug|Any CPU
		{5872C83A-D2A3-4B25-8986-AD83799A9F9A}.Debug|Any CPU.ActiveCfg = Debug|Any CPU
		{5872C83A-D2A3-4B25-8986-AD83799A9F9A}.Debug|Any CPU.Build.0 = Debug|Any CPU
		{5872C83A-D2A3-4B25-8986-AD83799A9F9A}.Release|Any CPU.ActiveCfg = Release|Any CPU
		{5872C83A-D2A3-4B25-8986-AD83799A9F9A}.Release|Any CPU.Build.0 = Release|Any CPU
	EndGlobalSection
EndGlobal
